{
  "object": {
    "pins": [
      {
        "package": "LevelGeneration",
        "repositoryURL": "https://github.com/ItsAustinDlugosch/IcePhysicsLevelGeneration.git",
        "state": {
          "branch": null,
          "revision": "34b14ee89a5e6fbaf040f18939d8a4e4e212020a",
          "version": "4.0.8"
        }
      }
    ]
  },
  "version": 1
}
