{
  "object": {
    "pins": [
      {
        "package": "LevelGeneration",
        "repositoryURL": "https://github.com/ItsAustinDlugosch/IcePhysicsLevelGeneration.git",
        "state": {
          "branch": null,
          "revision": "290e85802624e7987c12d7e003f768a4abb7f756",
          "version": "4.0.20"
        }
      }
    ]
  },
  "version": 1
}
